// !$*UTF8*$!
{
	archiveVersion = 1;
	classes = {
	};
	objectVersion = 55;
	objects = {

/* Begin PBXBuildFile section */
		A31DCC5E276B8A0A006FAA6D /* AppDelegate.swift in Sources */ = {isa = PBXBuildFile; fileRef = A31DCC5D276B8A0A006FAA6D /* AppDelegate.swift */; };
		A31DCC60276B8A0A006FAA6D /* SceneDelegate.swift in Sources */ = {isa = PBXBuildFile; fileRef = A31DCC5F276B8A0A006FAA6D /* SceneDelegate.swift */; };
		A31DCC62276B8A0A006FAA6D /* HomeViewController.swift in Sources */ = {isa = PBXBuildFile; fileRef = A31DCC61276B8A0A006FAA6D /* HomeViewController.swift */; };
		A31DCC67276B8A0C006FAA6D /* Assets.xcassets in Resources */ = {isa = PBXBuildFile; fileRef = A31DCC66276B8A0C006FAA6D /* Assets.xcassets */; };
		A31DCC6A276B8A0C006FAA6D /* LaunchScreen.storyboard in Resources */ = {isa = PBXBuildFile; fileRef = A31DCC68276B8A0C006FAA6D /* LaunchScreen.storyboard */; };
		A31DCC72276B9133006FAA6D /* HomeView.swift in Sources */ = {isa = PBXBuildFile; fileRef = A31DCC71276B9133006FAA6D /* HomeView.swift */; };
		A31DCC74276B997B006FAA6D /* CodeView.swift in Sources */ = {isa = PBXBuildFile; fileRef = A31DCC73276B997B006FAA6D /* CodeView.swift */; };
		A9F59D6EBCF079F9B4FF6D06 /* Pods_ViewCodePrimieroProjeto.framework in Frameworks */ = {isa = PBXBuildFile; fileRef = 57ACBCE3F3B234D93A3D95D9 /* Pods_ViewCodePrimieroProjeto.framework */; };
/* End PBXBuildFile section */

/* Begin PBXFileReference section */
		0FCDF3F5528877D7AA805611 /* Pods-ViewCodePrimieroProjeto.release.xcconfig */ = {isa = PBXFileReference; includeInIndex = 1; lastKnownFileType = text.xcconfig; name = "Pods-ViewCodePrimieroProjeto.release.xcconfig"; path = "Target Support Files/Pods-ViewCodePrimieroProjeto/Pods-ViewCodePrimieroProjeto.release.xcconfig"; sourceTree = "<group>"; };
		57ACBCE3F3B234D93A3D95D9 /* Pods_ViewCodePrimieroProjeto.framework */ = {isa = PBXFileReference; explicitFileType = wrapper.framework; includeInIndex = 0; path = Pods_ViewCodePrimieroProjeto.framework; sourceTree = BUILT_PRODUCTS_DIR; };
		9E124DB45670566ECD4D9643 /* Pods-ViewCodePrimieroProjeto.debug.xcconfig */ = {isa = PBXFileReference; includeInIndex = 1; lastKnownFileType = text.xcconfig; name = "Pods-ViewCodePrimieroProjeto.debug.xcconfig"; path = "Target Support Files/Pods-ViewCodePrimieroProjeto/Pods-ViewCodePrimieroProjeto.debug.xcconfig"; sourceTree = "<group>"; };
		A31DCC5A276B8A0A006FAA6D /* ViewCodePrimieroProjeto.app */ = {isa = PBXFileReference; explicitFileType = wrapper.application; includeInIndex = 0; path = ViewCodePrimieroProjeto.app; sourceTree = BUILT_PRODUCTS_DIR; };
		A31DCC5D276B8A0A006FAA6D /* AppDelegate.swift */ = {isa = PBXFileReference; lastKnownFileType = sourcecode.swift; path = AppDelegate.swift; sourceTree = "<group>"; };
		A31DCC5F276B8A0A006FAA6D /* SceneDelegate.swift */ = {isa = PBXFileReference; lastKnownFileType = sourcecode.swift; path = SceneDelegate.swift; sourceTree = "<group>"; };
		A31DCC61276B8A0A006FAA6D /* HomeViewController.swift */ = {isa = PBXFileReference; lastKnownFileType = sourcecode.swift; path = HomeViewController.swift; sourceTree = "<group>"; };
		A31DCC66276B8A0C006FAA6D /* Assets.xcassets */ = {isa = PBXFileReference; lastKnownFileType = folder.assetcatalog; path = Assets.xcassets; sourceTree = "<group>"; };
		A31DCC69276B8A0C006FAA6D /* Base */ = {isa = PBXFileReference; lastKnownFileType = file.storyboard; name = Base; path = Base.lproj/LaunchScreen.storyboard; sourceTree = "<group>"; };
		A31DCC6B276B8A0C006FAA6D /* Info.plist */ = {isa = PBXFileReference; lastKnownFileType = text.plist.xml; path = Info.plist; sourceTree = "<group>"; };
		A31DCC71276B9133006FAA6D /* HomeView.swift */ = {isa = PBXFileReference; lastKnownFileType = sourcecode.swift; path = HomeView.swift; sourceTree = "<group>"; };
		A31DCC73276B997B006FAA6D /* CodeView.swift */ = {isa = PBXFileReference; lastKnownFileType = sourcecode.swift; path = CodeView.swift; sourceTree = "<group>"; };
/* End PBXFileReference section */

/* Begin PBXFrameworksBuildPhase section */
		A31DCC57276B8A0A006FAA6D /* Frameworks */ = {
			isa = PBXFrameworksBuildPhase;
			buildActionMask = 2147483647;
			files = (
				A9F59D6EBCF079F9B4FF6D06 /* Pods_ViewCodePrimieroProjeto.framework in Frameworks */,
			);
			runOnlyForDeploymentPostprocessing = 0;
		};
/* End PBXFrameworksBuildPhase section */

/* Begin PBXGroup section */
		20D9BE6D9E24F352D5957F3E /* Pods */ = {
			isa = PBXGroup;
			children = (
				9E124DB45670566ECD4D9643 /* Pods-ViewCodePrimieroProjeto.debug.xcconfig */,
				0FCDF3F5528877D7AA805611 /* Pods-ViewCodePrimieroProjeto.release.xcconfig */,
			);
			name = Pods;
			path = Pods;
			sourceTree = "<group>";
		};
		3E490E12D300AC111A4216F7 /* Frameworks */ = {
			isa = PBXGroup;
			children = (
				57ACBCE3F3B234D93A3D95D9 /* Pods_ViewCodePrimieroProjeto.framework */,
			);
			name = Frameworks;
			sourceTree = "<group>";
		};
		A31DCC51276B8A0A006FAA6D = {
			isa = PBXGroup;
			children = (
				A31DCC5C276B8A0A006FAA6D /* ViewCodePrimieroProjeto */,
				A31DCC5B276B8A0A006FAA6D /* Products */,
				20D9BE6D9E24F352D5957F3E /* Pods */,
				3E490E12D300AC111A4216F7 /* Frameworks */,
			);
			sourceTree = "<group>";
		};
		A31DCC5B276B8A0A006FAA6D /* Products */ = {
			isa = PBXGroup;
			children = (
				A31DCC5A276B8A0A006FAA6D /* ViewCodePrimieroProjeto.app */,
			);
			name = Products;
			sourceTree = "<group>";
		};
		A31DCC5C276B8A0A006FAA6D /* ViewCodePrimieroProjeto */ = {
			isa = PBXGroup;
			children = (
				A31DCC5D276B8A0A006FAA6D /* AppDelegate.swift */,
				A31DCC5F276B8A0A006FAA6D /* SceneDelegate.swift */,
				A31DCC61276B8A0A006FAA6D /* HomeViewController.swift */,
				A31DCC71276B9133006FAA6D /* HomeView.swift */,
				A31DCC73276B997B006FAA6D /* CodeView.swift */,
				A31DCC66276B8A0C006FAA6D /* Assets.xcassets */,
				A31DCC68276B8A0C006FAA6D /* LaunchScreen.storyboard */,
				A31DCC6B276B8A0C006FAA6D /* Info.plist */,
			);
			path = ViewCodePrimieroProjeto;
			sourceTree = "<group>";
		};
/* End PBXGroup section */

/* Begin PBXNativeTarget section */
		A31DCC59276B8A0A006FAA6D /* ViewCodePrimieroProjeto */ = {
			isa = PBXNativeTarget;
			buildConfigurationList = A31DCC6E276B8A0C006FAA6D /* Build configuration list for PBXNativeTarget "ViewCodePrimieroProjeto" */;
			buildPhases = (
				EE7C9EF5C1F178069477517A /* [CP] Check Pods Manifest.lock */,
				A31DCC56276B8A0A006FAA6D /* Sources */,
				A31DCC57276B8A0A006FAA6D /* Frameworks */,
				A31DCC58276B8A0A006FAA6D /* Resources */,
				391B4D40B9871F248FCFB26F /* [CP] Embed Pods Frameworks */,
			);
			buildRules = (
			);
			dependencies = (
			);
			name = ViewCodePrimieroProjeto;
			productName = "ViewCode Primiero Projeto";
			productReference = A31DCC5A276B8A0A006FAA6D /* ViewCodePrimieroProjeto.app */;
			productType = "com.apple.product-type.application";
		};
/* End PBXNativeTarget section */

/* Begin PBXProject section */
		A31DCC52276B8A0A006FAA6D /* Project object */ = {
			isa = PBXProject;
			attributes = {
				BuildIndependentTargetsInParallel = 1;
				LastSwiftUpdateCheck = 1320;
				LastUpgradeCheck = 1320;
				TargetAttributes = {
					A31DCC59276B8A0A006FAA6D = {
						CreatedOnToolsVersion = 13.2;
					};
				};
			};
			buildConfigurationList = A31DCC55276B8A0A006FAA6D /* Build configuration list for PBXProject "ViewCodePrimieroProjeto" */;
			compatibilityVersion = "Xcode 13.0";
			developmentRegion = en;
			hasScannedForEncodings = 0;
			knownRegions = (
				en,
				Base,
			);
			mainGroup = A31DCC51276B8A0A006FAA6D;
			productRefGroup = A31DCC5B276B8A0A006FAA6D /* Products */;
			projectDirPath = "";
			projectRoot = "";
			targets = (
				A31DCC59276B8A0A006FAA6D /* ViewCodePrimieroProjeto */,
			);
		};
/* End PBXProject section */

/* Begin PBXResourcesBuildPhase section */
		A31DCC58276B8A0A006FAA6D /* Resources */ = {
			isa = PBXResourcesBuildPhase;
			buildActionMask = 2147483647;
			files = (
				A31DCC6A276B8A0C006FAA6D /* LaunchScreen.storyboard in Resources */,
				A31DCC67276B8A0C006FAA6D /* Assets.xcassets in Resources */,
			);
			runOnlyForDeploymentPostprocessing = 0;
		};
/* End PBXResourcesBuildPhase section */

/* Begin PBXShellScriptBuildPhase section */
		391B4D40B9871F248FCFB26F /* [CP] Embed Pods Frameworks */ = {
			isa = PBXShellScriptBuildPhase;
			buildActionMask = 2147483647;
			files = (
			);
			inputFileListPaths = (
				"${PODS_ROOT}/Target Support Files/Pods-ViewCodePrimieroProjeto/Pods-ViewCodePrimieroProjeto-frameworks-${CONFIGURATION}-input-files.xcfilelist",
			);
			name = "[CP] Embed Pods Frameworks";
			outputFileListPaths = (
				"${PODS_ROOT}/Target Support Files/Pods-ViewCodePrimieroProjeto/Pods-ViewCodePrimieroProjeto-frameworks-${CONFIGURATION}-output-files.xcfilelist",
			);
			runOnlyForDeploymentPostprocessing = 0;
			shellPath = /bin/sh;
			shellScript = "\"${PODS_ROOT}/Target Support Files/Pods-ViewCodePrimieroProjeto/Pods-ViewCodePrimieroProjeto-frameworks.sh\"\n";
			showEnvVarsInLog = 0;
		};
		EE7C9EF5C1F178069477517A /* [CP] Check Pods Manifest.lock */ = {
			isa = PBXShellScriptBuildPhase;
			buildActionMask = 2147483647;
			files = (
			);
			inputFileListPaths = (
			);
			inputPaths = (
				"${PODS_PODFILE_DIR_PATH}/Podfile.lock",
				"${PODS_ROOT}/Manifest.lock",
			);
			name = "[CP] Check Pods Manifest.lock";
			outputFileListPaths = (
			);
			outputPaths = (
				"$(DERIVED_FILE_DIR)/Pods-ViewCodePrimieroProjeto-checkManifestLockResult.txt",
			);
			runOnlyForDeploymentPostprocessing = 0;
			shellPath = /bin/sh;
			shellScript = "diff \"${PODS_PODFILE_DIR_PATH}/Podfile.lock\" \"${PODS_ROOT}/Manifest.lock\" > /dev/null\nif [ $? != 0 ] ; then\n    # print error to STDERR\n    echo \"error: The sandbox is not in sync with the Podfile.lock. Run 'pod install' or update your CocoaPods installation.\" >&2\n    exit 1\nfi\n# This output is used by Xcode 'outputs' to avoid re-running this script phase.\necho \"SUCCESS\" > \"${SCRIPT_OUTPUT_FILE_0}\"\n";
			showEnvVarsInLog = 0;
		};
/* End PBXShellScriptBuildPhase section */

/* Begin PBXSourcesBuildPhase section */
		A31DCC56276B8A0A006FAA6D /* Sources */ = {
			isa = PBXSourcesBuildPhase;
			buildActionMask = 2147483647;
			files = (
				A31DCC62276B8A0A006FAA6D /* HomeViewController.swift in Sources */,
				A31DCC72276B9133006FAA6D /* HomeView.swift in Sources */,
				A31DCC5E276B8A0A006FAA6D /* AppDelegate.swift in Sources */,
				A31DCC74276B997B006FAA6D /* CodeView.swift in Sources */,
				A31DCC60276B8A0A006FAA6D /* SceneDelegate.swift in Sources */,
			);
			runOnlyForDeploymentPostprocessing = 0;
		};
/* End PBXSourcesBuildPhase section */

/* Begin PBXVariantGroup section */
		A31DCC68276B8A0C006FAA6D /* LaunchScreen.storyboard */ = {
			isa = PBXVariantGroup;
			children = (
				A31DCC69276B8A0C006FAA6D /* Base */,
			);
			name = LaunchScreen.storyboard;
			sourceTree = "<group>";
		};
/* End PBXVariantGroup section */

/* Begin XCBuildConfiguration section */
		A31DCC6C276B8A0C006FAA6D /* Debug */ = {
			isa = XCBuildConfiguration;
			buildSettings = {
				ALWAYS_SEARCH_USER_PATHS = NO;
				CLANG_ANALYZER_NONNULL = YES;
				CLANG_ANALYZER_NUMBER_OBJECT_CONVERSION = YES_AGGRESSIVE;
				CLANG_CXX_LANGUAGE_STANDARD = "gnu++17";
				CLANG_CXX_LIBRARY = "libc++";
				CLANG_ENABLE_MODULES = YES;
				CLANG_ENABLE_OBJC_ARC = YES;
				CLANG_ENABLE_OBJC_WEAK = YES;
				CLANG_WARN_BLOCK_CAPTURE_AUTORELEASING = YES;
				CLANG_WARN_BOOL_CONVERSION = YES;
				CLANG_WARN_COMMA = YES;
				CLANG_WARN_CONSTANT_CONVERSION = YES;
				CLANG_WARN_DEPRECATED_OBJC_IMPLEMENTATIONS = YES;
				CLANG_WARN_DIRECT_OBJC_ISA_USAGE = YES_ERROR;
				CLANG_WARN_DOCUMENTATION_COMMENTS = YES;
				CLANG_WARN_EMPTY_BODY = YES;
				CLANG_WARN_ENUM_CONVERSION = YES;
				CLANG_WARN_INFINITE_RECURSION = YES;
				CLANG_WARN_INT_CONVERSION = YES;
				CLANG_WARN_NON_LITERAL_NULL_CONVERSION = YES;
				CLANG_WARN_OBJC_IMPLICIT_RETAIN_SELF = YES;
				CLANG_WARN_OBJC_LITERAL_CONVERSION = YES;
				CLANG_WARN_OBJC_ROOT_CLASS = YES_ERROR;
				CLANG_WARN_QUOTED_INCLUDE_IN_FRAMEWORK_HEADER = YES;
				CLANG_WARN_RANGE_LOOP_ANALYSIS = YES;
				CLANG_WARN_STRICT_PROTOTYPES = YES;
				CLANG_WARN_SUSPICIOUS_MOVE = YES;
				CLANG_WARN_UNGUARDED_AVAILABILITY = YES_AGGRESSIVE;
				CLANG_WARN_UNREACHABLE_CODE = YES;
				CLANG_WARN__DUPLICATE_METHOD_MATCH = YES;
				COPY_PHASE_STRIP = NO;
				DEBUG_INFORMATION_FORMAT = dwarf;
				ENABLE_STRICT_OBJC_MSGSEND = YES;
				ENABLE_TESTABILITY = YES;
				GCC_C_LANGUAGE_STANDARD = gnu11;
				GCC_DYNAMIC_NO_PIC = NO;
				GCC_NO_COMMON_BLOCKS = YES;
				GCC_OPTIMIZATION_LEVEL = 0;
				GCC_PREPROCESSOR_DEFINITIONS = (
					"DEBUG=1",
					"$(inherited)",
				);
				GCC_WARN_64_TO_32_BIT_CONVERSION = YES;
				GCC_WARN_ABOUT_RETURN_TYPE = YES_ERROR;
				GCC_WARN_UNDECLARED_SELECTOR = YES;
				GCC_WARN_UNINITIALIZED_AUTOS = YES_AGGRESSIVE;
				GCC_WARN_UNUSED_FUNCTION = YES;
				GCC_WARN_UNUSED_VARIABLE = YES;
				IPHONEOS_DEPLOYMENT_TARGET = 15.2;
				MTL_ENABLE_DEBUG_INFO = INCLUDE_SOURCE;
				MTL_FAST_MATH = YES;
				ONLY_ACTIVE_ARCH = YES;
				SDKROOT = iphoneos;
				SWIFT_ACTIVE_COMPILATION_CONDITIONS = DEBUG;
				SWIFT_OPTIMIZATION_LEVEL = "-Onone";
			};
			name = Debug;
		};
		A31DCC6D276B8A0C006FAA6D /* Release */ = {
			isa = XCBuildConfiguration;
			buildSettings = {
				ALWAYS_SEARCH_USER_PATHS = NO;
				CLANG_ANALYZER_NONNULL = YES;
				CLANG_ANALYZER_NUMBER_OBJECT_CONVERSION = YES_AGGRESSIVE;
				CLANG_CXX_LANGUAGE_STANDARD = "gnu++17";
				CLANG_CXX_LIBRARY = "libc++";
				CLANG_ENABLE_MODULES = YES;
				CLANG_ENABLE_OBJC_ARC = YES;
				CLANG_ENABLE_OBJC_WEAK = YES;
				CLANG_WARN_BLOCK_CAPTURE_AUTORELEASING = YES;
				CLANG_WARN_BOOL_CONVERSION = YES;
				CLANG_WARN_COMMA = YES;
				CLANG_WARN_CONSTANT_CONVERSION = YES;
				CLANG_WARN_DEPRECATED_OBJC_IMPLEMENTATIONS = YES;
				CLANG_WARN_DIRECT_OBJC_ISA_USAGE = YES_ERROR;
				CLANG_WARN_DOCUMENTATION_COMMENTS = YES;
				CLANG_WARN_EMPTY_BODY = YES;
				CLANG_WARN_ENUM_CONVERSION = YES;
				CLANG_WARN_INFINITE_RECURSION = YES;
				CLANG_WARN_INT_CONVERSION = YES;
				CLANG_WARN_NON_LITERAL_NULL_CONVERSION = YES;
				CLANG_WARN_OBJC_IMPLICIT_RETAIN_SELF = YES;
				CLANG_WARN_OBJC_LITERAL_CONVERSION = YES;
				CLANG_WARN_OBJC_ROOT_CLASS = YES_ERROR;
				CLANG_WARN_QUOTED_INCLUDE_IN_FRAMEWORK_HEADER = YES;
				CLANG_WARN_RANGE_LOOP_ANALYSIS = YES;
				CLANG_WARN_STRICT_PROTOTYPES = YES;
				CLANG_WARN_SUSPICIOUS_MOVE = YES;
				CLANG_WARN_UNGUARDED_AVAILABILITY = YES_AGGRESSIVE;
				CLANG_WARN_UNREACHABLE_CODE = YES;
				CLANG_WARN__DUPLICATE_METHOD_MATCH = YES;
				COPY_PHASE_STRIP = NO;
				DEBUG_INFORMATION_FORMAT = "dwarf-with-dsym";
				ENABLE_NS_ASSERTIONS = NO;
				ENABLE_STRICT_OBJC_MSGSEND = YES;
				GCC_C_LANGUAGE_STANDARD = gnu11;
				GCC_NO_COMMON_BLOCKS = YES;
				GCC_WARN_64_TO_32_BIT_CONVERSION = YES;
				GCC_WARN_ABOUT_RETURN_TYPE = YES_ERROR;
				GCC_WARN_UNDECLARED_SELECTOR = YES;
				GCC_WARN_UNINITIALIZED_AUTOS = YES_AGGRESSIVE;
				GCC_WARN_UNUSED_FUNCTION = YES;
				GCC_WARN_UNUSED_VARIABLE = YES;
				IPHONEOS_DEPLOYMENT_TARGET = 15.2;
				MTL_ENABLE_DEBUG_INFO = NO;
				MTL_FAST_MATH = YES;
				SDKROOT = iphoneos;
				SWIFT_COMPILATION_MODE = wholemodule;
				SWIFT_OPTIMIZATION_LEVEL = "-O";
				VALIDATE_PRODUCT = YES;
			};
			name = Release;
		};
		A31DCC6F276B8A0C006FAA6D /* Debug */ = {
			isa = XCBuildConfiguration;
			baseConfigurationReference = 9E124DB45670566ECD4D9643 /* Pods-ViewCodePrimieroProjeto.debug.xcconfig */;
			buildSettings = {
				ASSETCATALOG_COMPILER_APPICON_NAME = AppIcon;
				ASSETCATALOG_COMPILER_GLOBAL_ACCENT_COLOR_NAME = AccentColor;
				CODE_SIGN_STYLE = Automatic;
				CURRENT_PROJECT_VERSION = 1;
				DEVELOPMENT_TEAM = A8HRA678XW;
				GENERATE_INFOPLIST_FILE = YES;
				INFOPLIST_FILE = ViewCodePrimieroProjeto/Info.plist;
				INFOPLIST_KEY_UIApplicationSupportsIndirectInputEvents = YES;
				INFOPLIST_KEY_UILaunchStoryboardName = LaunchScreen;
				INFOPLIST_KEY_UISupportedInterfaceOrientations = UIInterfaceOrientationPortrait;
				INFOPLIST_KEY_UISupportedInterfaceOrientations_iPad = "UIInterfaceOrientationPortrait UIInterfaceOrientationPortraitUpsideDown UIInterfaceOrientationLandscapeLeft UIInterfaceOrientationLandscapeRight";
				INFOPLIST_KEY_UISupportedInterfaceOrientations_iPhone = "UIInterfaceOrientationPortrait UIInterfaceOrientationLandscapeLeft UIInterfaceOrientationLandscapeRight";
				LD_RUNPATH_SEARCH_PATHS = (
					"$(inherited)",
					"@executable_path/Frameworks",
				);
				MARKETING_VERSION = 1.0;
				PRODUCT_BUNDLE_IDENTIFIER = com.douglascf12.ViewCodePrimieroProjeto;
				PRODUCT_NAME = "$(TARGET_NAME)";
				SWIFT_EMIT_LOC_STRINGS = YES;
				SWIFT_VERSION = 5.0;
				TARGETED_DEVICE_FAMILY = 1;
			};
			name = Debug;
		};
		A31DCC70276B8A0C006FAA6D /* Release */ = {
			isa = XCBuildConfiguration;
			baseConfigurationReference = 0FCDF3F5528877D7AA805611 /* Pods-ViewCodePrimieroProjeto.release.xcconfig */;
			buildSettings = {
				ASSETCATALOG_COMPILER_APPICON_NAME = AppIcon;
				ASSETCATALOG_COMPILER_GLOBAL_ACCENT_COLOR_NAME = AccentColor;
				CODE_SIGN_STYLE = Automatic;
				CURRENT_PROJECT_VERSION = 1;
				DEVELOPMENT_TEAM = A8HRA678XW;
				GENERATE_INFOPLIST_FILE = YES;
				INFOPLIST_FILE = ViewCodePrimieroProjeto/Info.plist;
				INFOPLIST_KEY_UIApplicationSupportsIndirectInputEvents = YES;
				INFOPLIST_KEY_UILaunchStoryboardName = LaunchScreen;
				INFOPLIST_KEY_UISupportedInterfaceOrientations = UIInterfaceOrientationPortrait;
				INFOPLIST_KEY_UISupportedInterfaceOrientations_iPad = "UIInterfaceOrientationPortrait UIInterfaceOrientationPortraitUpsideDown UIInterfaceOrientationLandscapeLeft UIInterfaceOrientationLandscapeRight";
				INFOPLIST_KEY_UISupportedInterfaceOrientations_iPhone = "UIInterfaceOrientationPortrait UIInterfaceOrientationLandscapeLeft UIInterfaceOrientationLandscapeRight";
				LD_RUNPATH_SEARCH_PATHS = (
					"$(inherited)",
					"@executable_path/Frameworks",
				);
				MARKETING_VERSION = 1.0;
				PRODUCT_BUNDLE_IDENTIFIER = com.douglascf12.ViewCodePrimieroProjeto;
				PRODUCT_NAME = "$(TARGET_NAME)";
				SWIFT_EMIT_LOC_STRINGS = YES;
				SWIFT_VERSION = 5.0;
				TARGETED_DEVICE_FAMILY = 1;
			};
			name = Release;
		};
/* End XCBuildConfiguration section */

/* Begin XCConfigurationList section */
		A31DCC55276B8A0A006FAA6D /* Build configuration list for PBXProject "ViewCodePrimieroProjeto" */ = {
			isa = XCConfigurationList;
			buildConfigurations = (
				A31DCC6C276B8A0C006FAA6D /* Debug */,
				A31DCC6D276B8A0C006FAA6D /* Release */,
			);
			defaultConfigurationIsVisible = 0;
			defaultConfigurationName = Release;
		};
		A31DCC6E276B8A0C006FAA6D /* Build configuration list for PBXNativeTarget "ViewCodePrimieroProjeto" */ = {
			isa = XCConfigurationList;
			buildConfigurations = (
				A31DCC6F276B8A0C006FAA6D /* Debug */,
				A31DCC70276B8A0C006FAA6D /* Release */,
			);
			defaultConfigurationIsVisible = 0;
			defaultConfigurationName = Release;
		};
/* End XCConfigurationList section */
	};
	rootObject = A31DCC52276B8A0A006FAA6D /* Project object */;
}
